
Microsoft Visual Studio Solution File, Format Version 12.00
# Visual Studio 14
VisualStudioVersion = 14.0.25123.0
MinimumVisualStudioVersion = 10.0.40219.1
Project("{FAE04EC0-301F-11D3-BF4B-00C04F79EFBC}") = "10. Extract Middle Elements", "10. Extract Middle Elements\10. Extract Middle Elements.csproj", "{94B149E4-1408-4769-BDD4-A779F76DFCC7}"
EndProject
Global
	GlobalSection(SolutionConfigurationPlatforms) = preSolution
		Debug|Any CPU = Debug|Any CPU
		Release|Any CPU = Release|Any CPU
	EndGlobalSection
	GlobalSection(ProjectConfigurationPlatforms) = postSolution
		{94B149E4-1408-4769-BDD4-A779F76DFCC7}.Debug|Any CPU.ActiveCfg = Debug|Any CPU
		{94B149E4-1408-4769-BDD4-A779F76DFCC7}.Debug|Any CPU.Build.0 = Debug|Any CPU
		{94B149E4-1408-4769-BDD4-A779F76DFCC7}.Release|Any CPU.ActiveCfg = Release|Any CPU
		{94B149E4-1408-4769-BDD4-A779F76DFCC7}.Release|Any CPU.Build.0 = Release|Any CPU
	EndGlobalSection
	GlobalSection(SolutionProperties) = preSolution
		HideSolutionNode = FALSE
	EndGlobalSection
EndGlobal
