
Microsoft Visual Studio Solution File, Format Version 12.00
# Visual Studio 14
VisualStudioVersion = 14.0.25123.0
MinimumVisualStudioVersion = 10.0.40219.1
Project("{FAE04EC0-301F-11D3-BF4B-00C04F79EFBC}") = "03. Fold and Sum", "03. Fold and Sum\03. Fold and Sum.csproj", "{BCCB9EDC-0CC9-4B7A-8864-2057FDF99950}"
EndProject
Global
	GlobalSection(SolutionConfigurationPlatforms) = preSolution
		Debug|Any CPU = Debug|Any CPU
		Release|Any CPU = Release|Any CPU
	EndGlobalSection
	GlobalSection(ProjectConfigurationPlatforms) = postSolution
		{BCCB9EDC-0CC9-4B7A-8864-2057FDF99950}.Debug|Any CPU.ActiveCfg = Debug|Any CPU
		{BCCB9EDC-0CC9-4B7A-8864-2057FDF99950}.Debug|Any CPU.Build.0 = Debug|Any CPU
		{BCCB9EDC-0CC9-4B7A-8864-2057FDF99950}.Release|Any CPU.ActiveCfg = Release|Any CPU
		{BCCB9EDC-0CC9-4B7A-8864-2057FDF99950}.Release|Any CPU.Build.0 = Release|Any CPU
	EndGlobalSection
	GlobalSection(SolutionProperties) = preSolution
		HideSolutionNode = FALSE
	EndGlobalSection
EndGlobal
