
Microsoft Visual Studio Solution File, Format Version 12.00
# Visual Studio 14
VisualStudioVersion = 14.0.25123.0
MinimumVisualStudioVersion = 10.0.40219.1
Project("{FAE04EC0-301F-11D3-BF4B-00C04F79EFBC}") = "07. Max Sequence of Increasing", "07. Max Sequence of Increasing\07. Max Sequence of Increasing.csproj", "{5FCF1200-4BAD-4584-BB32-C95A611E6045}"
EndProject
Global
	GlobalSection(SolutionConfigurationPlatforms) = preSolution
		Debug|Any CPU = Debug|Any CPU
		Release|Any CPU = Release|Any CPU
	EndGlobalSection
	GlobalSection(ProjectConfigurationPlatforms) = postSolution
		{5FCF1200-4BAD-4584-BB32-C95A611E6045}.Debug|Any CPU.ActiveCfg = Debug|Any CPU
		{5FCF1200-4BAD-4584-BB32-C95A611E6045}.Debug|Any CPU.Build.0 = Debug|Any CPU
		{5FCF1200-4BAD-4584-BB32-C95A611E6045}.Release|Any CPU.ActiveCfg = Release|Any CPU
		{5FCF1200-4BAD-4584-BB32-C95A611E6045}.Release|Any CPU.Build.0 = Release|Any CPU
	EndGlobalSection
	GlobalSection(SolutionProperties) = preSolution
		HideSolutionNode = FALSE
	EndGlobalSection
EndGlobal
