
Microsoft Visual Studio Solution File, Format Version 12.00
# Visual Studio 14
VisualStudioVersion = 14.0.25123.0
MinimumVisualStudioVersion = 10.0.40219.1
Project("{FAE04EC0-301F-11D3-BF4B-00C04F79EFBC}") = "04. 2 x 2 Squares in Matrix", "04. 2 x 2 Squares in Matrix\04. 2 x 2 Squares in Matrix.csproj", "{6E9EEA40-0547-4605-B679-DD29A30CD33B}"
EndProject
Global
	GlobalSection(SolutionConfigurationPlatforms) = preSolution
		Debug|Any CPU = Debug|Any CPU
		Release|Any CPU = Release|Any CPU
	EndGlobalSection
	GlobalSection(ProjectConfigurationPlatforms) = postSolution
		{6E9EEA40-0547-4605-B679-DD29A30CD33B}.Debug|Any CPU.ActiveCfg = Debug|Any CPU
		{6E9EEA40-0547-4605-B679-DD29A30CD33B}.Debug|Any CPU.Build.0 = Debug|Any CPU
		{6E9EEA40-0547-4605-B679-DD29A30CD33B}.Release|Any CPU.ActiveCfg = Release|Any CPU
		{6E9EEA40-0547-4605-B679-DD29A30CD33B}.Release|Any CPU.Build.0 = Release|Any CPU
	EndGlobalSection
	GlobalSection(SolutionProperties) = preSolution
		HideSolutionNode = FALSE
	EndGlobalSection
EndGlobal
