
Microsoft Visual Studio Solution File, Format Version 12.00
# Visual Studio 14
VisualStudioVersion = 14.0.25123.0
MinimumVisualStudioVersion = 10.0.40219.1
Project("{FAE04EC0-301F-11D3-BF4B-00C04F79EFBC}") = "01. Day of Week", "01. Day of Week\01. Day of Week.csproj", "{78D270FE-1A43-4329-9A9A-24682E9BBF92}"
EndProject
Global
	GlobalSection(SolutionConfigurationPlatforms) = preSolution
		Debug|Any CPU = Debug|Any CPU
		Release|Any CPU = Release|Any CPU
	EndGlobalSection
	GlobalSection(ProjectConfigurationPlatforms) = postSolution
		{78D270FE-1A43-4329-9A9A-24682E9BBF92}.Debug|Any CPU.ActiveCfg = Debug|Any CPU
		{78D270FE-1A43-4329-9A9A-24682E9BBF92}.Debug|Any CPU.Build.0 = Debug|Any CPU
		{78D270FE-1A43-4329-9A9A-24682E9BBF92}.Release|Any CPU.ActiveCfg = Release|Any CPU
		{78D270FE-1A43-4329-9A9A-24682E9BBF92}.Release|Any CPU.Build.0 = Release|Any CPU
	EndGlobalSection
	GlobalSection(SolutionProperties) = preSolution
		HideSolutionNode = FALSE
	EndGlobalSection
EndGlobal
